# This file is generated by running "yarn install" inside your project.
# Manual changes might be lost - proceed with caution!

__metadata:
  version: 6
  cacheKey: 8

"@performance-optimized-services/shared-db@workspace:.":
  version: 0.0.0-use.local
  resolution: "@performance-optimized-services/shared-db@workspace:."
  dependencies:
    tslib: ^2.3.0
  languageName: unknown
  linkType: soft

"tslib@npm:^2.3.0":
  version: 2.8.1
  resolution: "tslib@npm:2.8.1"
  checksum: e4aba30e632b8c8902b47587fd13345e2827fa639e7c3121074d5ee0880723282411a8838f830b55100cbe4517672f84a2472667d355b81e8af165a55dc6203a
  languageName: node
  linkType: hard
